Microsoft Visual Studio Solution File, Format Version 12.00
# Visual Studio 2012
Project("{FAE04EC0-301F-11D3-BF4B-00C04F79EFBC}") = "Dungeon Survivors", "Dungeon Survivors.csproj", "{31359306-E5E2-46A6-82BA-DB0A3A2FACAC}"
EndProject
Global
	GlobalSection(SolutionConfigurationPlatforms) = preSolution
	Debug|Any CPU = Debug|Any CPU
	ExportDebug|Any CPU = ExportDebug|Any CPU
	ExportRelease|Any CPU = ExportRelease|Any CPU
	EndGlobalSection
	GlobalSection(ProjectConfigurationPlatforms) = postSolution
		{31359306-E5E2-46A6-82BA-DB0A3A2FACAC}.Debug|Any CPU.ActiveCfg = Debug|Any CPU
		{31359306-E5E2-46A6-82BA-DB0A3A2FACAC}.Debug|Any CPU.Build.0 = Debug|Any CPU
		{31359306-E5E2-46A6-82BA-DB0A3A2FACAC}.ExportDebug|Any CPU.ActiveCfg = ExportDebug|Any CPU
		{31359306-E5E2-46A6-82BA-DB0A3A2FACAC}.ExportDebug|Any CPU.Build.0 = ExportDebug|Any CPU
		{31359306-E5E2-46A6-82BA-DB0A3A2FACAC}.ExportRelease|Any CPU.ActiveCfg = ExportRelease|Any CPU
		{31359306-E5E2-46A6-82BA-DB0A3A2FACAC}.ExportRelease|Any CPU.Build.0 = ExportRelease|Any CPU
	EndGlobalSection
EndGlobal
